
Microsoft Visual Studio Solution File, Format Version 12.00
# Visual Studio Version 16
VisualStudioVersion = 16.0.31624.102
MinimumVisualStudioVersion = 10.0.40219.1
Project("{9A19103F-16F7-4668-BE54-9A1E7A4F7556}") = "Func2", "Func2.csproj", "{1A3FD661-A5D1-4796-9EF7-9A36D7A76C22}"
EndProject
Global
	GlobalSection(SolutionConfigurationPlatforms) = preSolution
		Debug|Any CPU = Debug|Any CPU
		Release|Any CPU = Release|Any CPU
	EndGlobalSection
	GlobalSection(ProjectConfigurationPlatforms) = postSolution
		{1A3FD661-A5D1-4796-9EF7-9A36D7A76C22}.Debug|Any CPU.ActiveCfg = Debug|Any CPU
		{1A3FD661-A5D1-4796-9EF7-9A36D7A76C22}.Debug|Any CPU.Build.0 = Debug|Any CPU
		{1A3FD661-A5D1-4796-9EF7-9A36D7A76C22}.Release|Any CPU.ActiveCfg = Release|Any CPU
		{1A3FD661-A5D1-4796-9EF7-9A36D7A76C22}.Release|Any CPU.Build.0 = Release|Any CPU
	EndGlobalSection
	GlobalSection(SolutionProperties) = preSolution
		HideSolutionNode = FALSE
	EndGlobalSection
	GlobalSection(ExtensibilityGlobals) = postSolution
		SolutionGuid = {62EFB016-BB7F-45C9-BDFF-6A79357A124C}
	EndGlobalSection
EndGlobal
